{
  "name": "workspace",
  "lockfileVersion": 3,
  "requires": true,
  "packages": {
    "": {
      "dependencies": {
        "@codesandbox/nodebox": "^0.1.9",
        "@omnedia/ngx-map": "^4.0.1",
        "dotted-map": "^2.2.3"
      }
    },
    "node_modules/@angular/common": {
      "version": "21.2.14",
      "resolved": "https://registry.npmjs.org/@angular/common/-/common-21.2.14.tgz",
      "integrity": "sha512-J6K7cE7uKOKmg4+sxLeGfsmaYDjP5l1XCiMMI0WPT0t68uxLk8g3MzV5Trqfb6ZnRxWcfp9c4c+XxAvMBB7ymA==",
      "license": "MIT",
      "peer": true,
      "dependencies": {
        "tslib": "^2.3.0"
      },
      "engines": {
        "node": "^20.19.0 || ^22.12.0 || >=24.0.0"
      },
      "peerDependencies": {
        "@angular/core": "21.2.14",
        "rxjs": "^6.5.3 || ^7.4.0"
      }
    },
    "node_modules/@angular/core": {
      "version": "21.2.14",
      "resolved": "https://registry.npmjs.org/@angular/core/-/core-21.2.14.tgz",
      "integrity": "sha512-Z1Ivjh7L2lT//8LA7vQ3tj7Rg6wl2XRA5kPSAukgn8u0Yu0XxG8NE8KG0Eypb3v9CEcbwATwpgnxzbJFZ8TFcw==",
      "license": "MIT",
      "peer": true,
      "dependencies": {
        "tslib": "^2.3.0"
      },
      "engines": {
        "node": "^20.19.0 || ^22.12.0 || >=24.0.0"
      },
      "peerDependencies": {
        "@angular/compiler": "21.2.14",
        "rxjs": "^6.5.3 || ^7.4.0",
        "zone.js": "~0.15.0 || ~0.16.0"
      },
      "peerDependenciesMeta": {
        "@angular/compiler": {
          "optional": true
        },
        "zone.js": {
          "optional": true
        }
      }
    },
    "node_modules/@angular/platform-browser": {
      "version": "21.2.14",
      "resolved": "https://registry.npmjs.org/@angular/platform-browser/-/platform-browser-21.2.14.tgz",
      "integrity": "sha512-34tBwxh86yN2YifBDhCesm6N+nn9WcbuXjRwfo0mTme15OZ/zt56yw7v1mcK3UFLegIIALtsIgpXXrPWWQoKkA==",
      "license": "MIT",
      "peer": true,
      "dependencies": {
        "tslib": "^2.3.0"
      },
      "engines": {
        "node": "^20.19.0 || ^22.12.0 || >=24.0.0"
      },
      "peerDependencies": {
        "@angular/animations": "21.2.14",
        "@angular/common": "21.2.14",
        "@angular/core": "21.2.14"
      },
      "peerDependenciesMeta": {
        "@angular/animations": {
          "optional": true
        }
      }
    },
    "node_modules/@codesandbox/nodebox": {
      "version": "0.1.9",
      "resolved": "https://registry.npmjs.org/@codesandbox/nodebox/-/nodebox-0.1.9.tgz",
      "integrity": "sha512-h/SCSA5iasmEUlxWWQf2ecv1WgGoI5KLV5iZoN9YA1Hhz4DIacE3vwwD24Vn+1qczny4TEr8zwMQYZ1K8TbvzQ==",
      "dependencies": {
        "outvariant": "^1.4.0",
        "strict-event-emitter": "^0.4.3"
      }
    },
    "node_modules/@omnedia/ngx-map": {
      "version": "4.0.1",
      "resolved": "https://registry.npmjs.org/@omnedia/ngx-map/-/ngx-map-4.0.1.tgz",
      "integrity": "sha512-e7JIRYVgtkxKt6rZ/ehaKZqKT0zJCkbwby172CeMHD95DuDqbzWOZDiVJcAyTB1LhO7MxdTh+LdSPHIB/B8vdw==",
      "license": "MIT",
      "dependencies": {
        "tslib": "^2.3.0"
      },
      "peerDependencies": {
        "@angular/common": "^21.0.0",
        "@angular/core": "^21.0.0",
        "@angular/platform-browser": "^21.0.0",
        "dotted-map": "^2.2.3"
      }
    },
    "node_modules/@turf/boolean-point-in-polygon": {
      "version": "6.5.0",
      "resolved": "https://registry.npmjs.org/@turf/boolean-point-in-polygon/-/boolean-point-in-polygon-6.5.0.tgz",
      "integrity": "sha512-DtSuVFB26SI+hj0SjrvXowGTUCHlgevPAIsukssW6BG5MlNSBQAo70wpICBNJL6RjukXg8d2eXaAWuD/CqL00A==",
      "license": "MIT",
      "dependencies": {
        "@turf/helpers": "^6.5.0",
        "@turf/invariant": "^6.5.0"
      },
      "funding": {
        "url": "https://opencollective.com/turf"
      }
    },
    "node_modules/@turf/helpers": {
      "version": "6.5.0",
      "resolved": "https://registry.npmjs.org/@turf/helpers/-/helpers-6.5.0.tgz",
      "integrity": "sha512-VbI1dV5bLFzohYYdgqwikdMVpe7pJ9X3E+dlr425wa2/sMJqYDhTO++ec38/pcPvPE6oD9WEEeU3Xu3gza+VPw==",
      "license": "MIT",
      "funding": {
        "url": "https://opencollective.com/turf"
      }
    },
    "node_modules/@turf/invariant": {
      "version": "6.5.0",
      "resolved": "https://registry.npmjs.org/@turf/invariant/-/invariant-6.5.0.tgz",
      "integrity": "sha512-Wv8PRNCtPD31UVbdJE/KVAWKe7l6US+lJItRR/HOEW3eh+U/JwRCSUl/KZ7bmjM/C+zLNoreM2TU6OoLACs4eg==",
      "license": "MIT",
      "dependencies": {
        "@turf/helpers": "^6.5.0"
      },
      "funding": {
        "url": "https://opencollective.com/turf"
      }
    },
    "node_modules/dotted-map": {
      "version": "2.2.3",
      "resolved": "https://registry.npmjs.org/dotted-map/-/dotted-map-2.2.3.tgz",
      "integrity": "sha512-8hyOOHHLLVCcCisM3yb9hqp+3bJ7TSMcr1SfrUw8Wxp5UMqih35jIvUyagweCooJbz/EH1nC9GGuPysh7+YlAg==",
      "license": "MIT",
      "dependencies": {
        "@turf/boolean-point-in-polygon": "^6.0.1",
        "proj4": "^2.6.1"
      }
    },
    "node_modules/mgrs": {
      "version": "1.0.0",
      "resolved": "https://registry.npmjs.org/mgrs/-/mgrs-1.0.0.tgz",
      "integrity": "sha512-awNbTOqCxK1DBGjalK3xqWIstBZgN6fxsMSiXLs9/spqWkF2pAhb2rrYCFSsr1/tT7PhcDGjZndG8SWYn0byYA==",
      "license": "MIT"
    },
    "node_modules/outvariant": {
      "version": "1.4.3",
      "resolved": "https://registry.npmjs.org/outvariant/-/outvariant-1.4.3.tgz",
      "integrity": "sha512-+Sl2UErvtsoajRDKCE5/dBz4DIvHXQQnAxtQTF04OJxY0+DyZXSo5P5Bb7XYWOh81syohlYL24hbDwxedPUJCA=="
    },
    "node_modules/proj4": {
      "version": "2.20.8",
      "resolved": "https://registry.npmjs.org/proj4/-/proj4-2.20.8.tgz",
      "integrity": "sha512-1C8sfT4xY4PAPwk0MroFBTGF4R4bzDXdmPQTGYVLsoNssrZ9odzObxS2dTeGBty8jW8KO7h16C1Hs2JP+ctfFw==",
      "license": "MIT",
      "dependencies": {
        "mgrs": "1.0.0",
        "wkt-parser": "^1.5.5"
      },
      "funding": {
        "url": "https://github.com/sponsors/ahocevar"
      }
    },
    "node_modules/rxjs": {
      "version": "7.8.2",
      "resolved": "https://registry.npmjs.org/rxjs/-/rxjs-7.8.2.tgz",
      "integrity": "sha512-dhKf903U/PQZY6boNNtAGdWbG85WAbjT/1xYoZIC7FAY0yWapOBQVsVrDl58W86//e1VpMNBtRV4MaXfdMySFA==",
      "license": "Apache-2.0",
      "peer": true,
      "dependencies": {
        "tslib": "^2.1.0"
      }
    },
    "node_modules/strict-event-emitter": {
      "version": "0.4.6",
      "resolved": "https://registry.npmjs.org/strict-event-emitter/-/strict-event-emitter-0.4.6.tgz",
      "integrity": "sha512-12KWeb+wixJohmnwNFerbyiBrAlq5qJLwIt38etRtKtmmHyDSoGlIqFE9wx+4IwG0aDjI7GV8tc8ZccjWZZtTg=="
    },
    "node_modules/tslib": {
      "version": "2.8.1",
      "resolved": "https://registry.npmjs.org/tslib/-/tslib-2.8.1.tgz",
      "integrity": "sha512-oJFu94HQb+KVduSUQL7wnpmqnfmLsOA/nAh6b6EH0wCEoK0/mPeXU6c3wKDV83MkOuHPRHtSXKKU99IBazS/2w==",
      "license": "0BSD"
    },
    "node_modules/wkt-parser": {
      "version": "1.5.5",
      "resolved": "https://registry.npmjs.org/wkt-parser/-/wkt-parser-1.5.5.tgz",
      "integrity": "sha512-/zMYi94/7D7fxcOSlVmWn6vnOMj3Gq5d1xvVjaYOS9n6h0qOJ4I7YYVxBWYcH1vq9+suhqzXkn05Yx47zQNUIA==",
      "license": "MIT",
      "funding": {
        "url": "https://github.com/sponsors/ahocevar"
      }
    }
  }
}
